PODS:
  - Cartography (4.0.0)
  - Localize-Swift (3.2.0):
    - Localize-Swift/LocalizeSwiftCore (= 3.2.0)
    - Localize-Swift/UIKit (= 3.2.0)
  - Localize-Swift/LocalizeSwiftCore (3.2.0)
  - Localize-Swift/UIKit (3.2.0):
    - Localize-Swift/LocalizeSwiftCore
  - ReachabilitySwift (5.2.4)
  - SwiftMessages (10.0.1):
    - SwiftMessages/App (= 10.0.1)
  - SwiftMessages/App (10.0.1)

DEPENDENCIES:
  - Cartography
  - Localize-Swift
  - ReachabilitySwift
  - SwiftMessages

SPEC REPOS:
  trunk:
    - Cartography
    - Localize-Swift
    - ReachabilitySwift
    - SwiftMessages

SPEC CHECKSUMS:
  Cartography: c5626d29056b20f1e95c017326ee4df57cc39ad8
  Localize-Swift: 6f4475136bdb0d7b2882ea3d4ea919d70142b232
  ReachabilitySwift: 32793e867593cfc1177f5d16491e3a197d2fccda
  SwiftMessages: 759b4a0bf5c3a116a0d7e8a34b098ba83c458625

PODFILE CHECKSUM: 783a4adb9ef33ed22e1fd984e77b7077309b234f

COCOAPODS: 1.15.2
