// !$*UTF8*$!
{
	archiveVersion = 1;
	classes = {
	};
	objectVersion = 63;
	objects = {

/* Begin PBXBuildFile section */
		2EC7CED0D2FB7A3C99E02426 /* Pods_ChararactersApp.framework in Frameworks */ = {isa = PBXBuildFile; fileRef = 0A07A640D21EC51B47213A2D /* Pods_ChararactersApp.framework */; };
		3946CFBD6A949A15F51406EB /* Pods_ChararactersAppTests.framework in Frameworks */ = {isa = PBXBuildFile; fileRef = CE90A24F912BE06F5C4EF836 /* Pods_ChararactersAppTests.framework */; };
		88D495A565043AEDCC690C2D /* Pods_ChararactersApp_ChararactersAppUITests.framework in Frameworks */ = {isa = PBXBuildFile; fileRef = B592B01CD6AAEB15CAB468F8 /* Pods_ChararactersApp_ChararactersAppUITests.framework */; };
		ED32F3C62CC139A700173CE3 /* RickMortySwiftApi in Frameworks */ = {isa = PBXBuildFile; productRef = ED32F3C52CC139A700173CE3 /* RickMortySwiftApi */; };
		ED32F3C82CC1785700173CE3 /* AppExtensions.swift in Sources */ = {isa = PBXBuildFile; fileRef = ED32F3C72CC1785700173CE3 /* AppExtensions.swift */; };
		ED32F3CA2CC17F0000173CE3 /* RickMortySwiftApi in Frameworks */ = {isa = PBXBuildFile; productRef = ED32F3C92CC17F0000173CE3 /* RickMortySwiftApi */; };
		ED32F3CC2CC17FA100173CE3 /* RickMortySwiftApi in Frameworks */ = {isa = PBXBuildFile; productRef = ED32F3CB2CC17FA100173CE3 /* RickMortySwiftApi */; };
		ED34FC472CC0ED5D005A9EF8 /* CharacterService.swift in Sources */ = {isa = PBXBuildFile; fileRef = ED34FC462CC0ED53005A9EF8 /* CharacterService.swift */; };
		ED34FC492CC0F257005A9EF8 /* CharacterDetailSwiftUIView.swift in Sources */ = {isa = PBXBuildFile; fileRef = ED34FC482CC0F257005A9EF8 /* CharacterDetailSwiftUIView.swift */; };
		ED39C8E52CBD8AE4003445F7 /* Assets.xcassets in Resources */ = {isa = PBXBuildFile; fileRef = ED39C8DB2CBD8AE4003445F7 /* Assets.xcassets */; };
		ED39C8E72CBD8AE4003445F7 /* LaunchScreen.storyboard in Resources */ = {isa = PBXBuildFile; fileRef = ED39C8DF2CBD8AE4003445F7 /* LaunchScreen.storyboard */; };
		ED39C8E82CBD8AE4003445F7 /* Localizable.strings in Resources */ = {isa = PBXBuildFile; fileRef = ED39C8E12CBD8AE4003445F7 /* Localizable.strings */; };
		ED39C8EC2CBD8AE4003445F7 /* AppDelegate.swift in Sources */ = {isa = PBXBuildFile; fileRef = ED39C8DA2CBD8AE4003445F7 /* AppDelegate.swift */; };
		ED39C8F12CBD8AE9003445F7 /* ChararactersAppTests.swift in Sources */ = {isa = PBXBuildFile; fileRef = ED39C8EF2CBD8AE9003445F7 /* ChararactersAppTests.swift */; };
		ED39C8F52CBD8AED003445F7 /* ChararactersAppUITests.swift in Sources */ = {isa = PBXBuildFile; fileRef = ED39C8F22CBD8AED003445F7 /* ChararactersAppUITests.swift */; };
		ED39C8F62CBD8AED003445F7 /* ChararactersAppUITestsLaunchTests.swift in Sources */ = {isa = PBXBuildFile; fileRef = ED39C8F32CBD8AED003445F7 /* ChararactersAppUITestsLaunchTests.swift */; };
		ED43CDC52CBD8E3400AA15CF /* UIHelper.swift in Sources */ = {isa = PBXBuildFile; fileRef = ED43CDBB2CBD8E3400AA15CF /* UIHelper.swift */; };
		ED43CE092CBEBB7B00AA15CF /* STZhiHuLoading.swift in Sources */ = {isa = PBXBuildFile; fileRef = ED43CE042CBEBB7B00AA15CF /* STZhiHuLoading.swift */; };
		ED43CE0A2CBEBB7B00AA15CF /* STGlassesLoading.swift in Sources */ = {isa = PBXBuildFile; fileRef = ED43CDFF2CBEBB7B00AA15CF /* STGlassesLoading.swift */; };
		ED43CE0B2CBEBB7B00AA15CF /* STLoadingGroup.swift in Sources */ = {isa = PBXBuildFile; fileRef = ED43CE072CBEBB7B00AA15CF /* STLoadingGroup.swift */; };
		ED43CE0C2CBEBB7B00AA15CF /* STBouncyPreloaderLoading.swift in Sources */ = {isa = PBXBuildFile; fileRef = ED43CDFE2CBEBB7B00AA15CF /* STBouncyPreloaderLoading.swift */; };
		ED43CE0D2CBEBB7B00AA15CF /* STTriangleLoading.swift in Sources */ = {isa = PBXBuildFile; fileRef = ED43CE022CBEBB7B00AA15CF /* STTriangleLoading.swift */; };
		ED43CE0E2CBEBB7B00AA15CF /* STSubmitLoading.swift in Sources */ = {isa = PBXBuildFile; fileRef = ED43CE012CBEBB7B00AA15CF /* STSubmitLoading.swift */; };
		ED43CE0F2CBEBB7B00AA15CF /* STLoadingable.swift in Sources */ = {isa = PBXBuildFile; fileRef = ED43CE062CBEBB7B00AA15CF /* STLoadingable.swift */; };
		ED43CE102CBEBB7B00AA15CF /* STArchLoading.swift in Sources */ = {isa = PBXBuildFile; fileRef = ED43CDFD2CBEBB7B00AA15CF /* STArchLoading.swift */; };
		ED43CE112CBEBB7B00AA15CF /* STWalkLoading.swift in Sources */ = {isa = PBXBuildFile; fileRef = ED43CE032CBEBB7B00AA15CF /* STWalkLoading.swift */; };
		ED43CE122CBEBB7B00AA15CF /* STPacManLoading.swift in Sources */ = {isa = PBXBuildFile; fileRef = ED43CE002CBEBB7B00AA15CF /* STPacManLoading.swift */; };
		ED43CE142CBEBC9F00AA15CF /* Utils.swift in Sources */ = {isa = PBXBuildFile; fileRef = ED43CE132CBEBC9B00AA15CF /* Utils.swift */; };
		ED43CE172CBFE96D00AA15CF /* AllCharactersViewController.xib in Resources */ = {isa = PBXBuildFile; fileRef = ED43CE162CBFE96D00AA15CF /* AllCharactersViewController.xib */; };
		ED43CE182CBFE96D00AA15CF /* AllCharactersViewController.swift in Sources */ = {isa = PBXBuildFile; fileRef = ED43CE152CBFE96D00AA15CF /* AllCharactersViewController.swift */; };
		ED43CE1B2CBFFECE00AA15CF /* CharacterCollectionViewCell.xib in Resources */ = {isa = PBXBuildFile; fileRef = ED43CE1A2CBFFECE00AA15CF /* CharacterCollectionViewCell.xib */; };
		ED43CE1C2CBFFECE00AA15CF /* CharacterCollectionViewCell.swift in Sources */ = {isa = PBXBuildFile; fileRef = ED43CE192CBFFECE00AA15CF /* CharacterCollectionViewCell.swift */; };
/* End PBXBuildFile section */

/* Begin PBXContainerItemProxy section */
		ED39C87F2CBD45EF003445F7 /* PBXContainerItemProxy */ = {
			isa = PBXContainerItemProxy;
			containerPortal = ED39C85D2CBD45EC003445F7 /* Project object */;
			proxyType = 1;
			remoteGlobalIDString = ED39C8642CBD45EC003445F7;
			remoteInfo = ChararactersApp;
		};
		ED39C8892CBD45EF003445F7 /* PBXContainerItemProxy */ = {
			isa = PBXContainerItemProxy;
			containerPortal = ED39C85D2CBD45EC003445F7 /* Project object */;
			proxyType = 1;
			remoteGlobalIDString = ED39C8642CBD45EC003445F7;
			remoteInfo = ChararactersApp;
		};
/* End PBXContainerItemProxy section */

/* Begin PBXFileReference section */
		0A07A640D21EC51B47213A2D /* Pods_ChararactersApp.framework */ = {isa = PBXFileReference; explicitFileType = wrapper.framework; includeInIndex = 0; path = Pods_ChararactersApp.framework; sourceTree = BUILT_PRODUCTS_DIR; };
		1A08AECE1EAEC05ABD7D9739 /* Pods-ChararactersAppTests.release.xcconfig */ = {isa = PBXFileReference; includeInIndex = 1; lastKnownFileType = text.xcconfig; name = "Pods-ChararactersAppTests.release.xcconfig"; path = "Target Support Files/Pods-ChararactersAppTests/Pods-ChararactersAppTests.release.xcconfig"; sourceTree = "<group>"; };
		49A2BFB4D56952DC683A9713 /* Pods-ChararactersAppTests.debug.xcconfig */ = {isa = PBXFileReference; includeInIndex = 1; lastKnownFileType = text.xcconfig; name = "Pods-ChararactersAppTests.debug.xcconfig"; path = "Target Support Files/Pods-ChararactersAppTests/Pods-ChararactersAppTests.debug.xcconfig"; sourceTree = "<group>"; };
		90C6C9AAE45AEAA2BFE63DDC /* Pods-ChararactersApp.debug.xcconfig */ = {isa = PBXFileReference; includeInIndex = 1; lastKnownFileType = text.xcconfig; name = "Pods-ChararactersApp.debug.xcconfig"; path = "Target Support Files/Pods-ChararactersApp/Pods-ChararactersApp.debug.xcconfig"; sourceTree = "<group>"; };
		9487642CE2BA2C697A483FBD /* Pods-ChararactersApp.release.xcconfig */ = {isa = PBXFileReference; includeInIndex = 1; lastKnownFileType = text.xcconfig; name = "Pods-ChararactersApp.release.xcconfig"; path = "Target Support Files/Pods-ChararactersApp/Pods-ChararactersApp.release.xcconfig"; sourceTree = "<group>"; };
		948E6CE39248CB00344A3E03 /* Pods-ChararactersApp-ChararactersAppUITests.debug.xcconfig */ = {isa = PBXFileReference; includeInIndex = 1; lastKnownFileType = text.xcconfig; name = "Pods-ChararactersApp-ChararactersAppUITests.debug.xcconfig"; path = "Target Support Files/Pods-ChararactersApp-ChararactersAppUITests/Pods-ChararactersApp-ChararactersAppUITests.debug.xcconfig"; sourceTree = "<group>"; };
		A7E5B7E0E9F99929D6F3E1C5 /* Pods-ChararactersApp-ChararactersAppUITests.release.xcconfig */ = {isa = PBXFileReference; includeInIndex = 1; lastKnownFileType = text.xcconfig; name = "Pods-ChararactersApp-ChararactersAppUITests.release.xcconfig"; path = "Target Support Files/Pods-ChararactersApp-ChararactersAppUITests/Pods-ChararactersApp-ChararactersAppUITests.release.xcconfig"; sourceTree = "<group>"; };
		B592B01CD6AAEB15CAB468F8 /* Pods_ChararactersApp_ChararactersAppUITests.framework */ = {isa = PBXFileReference; explicitFileType = wrapper.framework; includeInIndex = 0; path = Pods_ChararactersApp_ChararactersAppUITests.framework; sourceTree = BUILT_PRODUCTS_DIR; };
		CE90A24F912BE06F5C4EF836 /* Pods_ChararactersAppTests.framework */ = {isa = PBXFileReference; explicitFileType = wrapper.framework; includeInIndex = 0; path = Pods_ChararactersAppTests.framework; sourceTree = BUILT_PRODUCTS_DIR; };
		ED2B57B82CC05D4C00B04E85 /* rick-morty-swift-api */ = {isa = PBXFileReference; lastKnownFileType = wrapper; name = "rick-morty-swift-api"; path = "/Users/dabdelkareem2000/Library/Developer/Xcode/DerivedData/ChararactersApp-affutkaqwyruwndyioptlyfhyfzj/SourcePackages/checkouts/rick-morty-swift-api"; sourceTree = "<absolute>"; };
		ED32F3C72CC1785700173CE3 /* AppExtensions.swift */ = {isa = PBXFileReference; lastKnownFileType = sourcecode.swift; path = AppExtensions.swift; sourceTree = "<group>"; };
		ED34FC462CC0ED53005A9EF8 /* CharacterService.swift */ = {isa = PBXFileReference; lastKnownFileType = sourcecode.swift; path = CharacterService.swift; sourceTree = "<group>"; };
		ED34FC482CC0F257005A9EF8 /* CharacterDetailSwiftUIView.swift */ = {isa = PBXFileReference; lastKnownFileType = sourcecode.swift; path = CharacterDetailSwiftUIView.swift; sourceTree = "<group>"; };
		ED39C8652CBD45EC003445F7 /* ChararactersApp.app */ = {isa = PBXFileReference; explicitFileType = wrapper.application; includeInIndex = 0; path = ChararactersApp.app; sourceTree = BUILT_PRODUCTS_DIR; };
		ED39C87E2CBD45EF003445F7 /* ChararactersAppTests.xctest */ = {isa = PBXFileReference; explicitFileType = wrapper.cfbundle; includeInIndex = 0; path = ChararactersAppTests.xctest; sourceTree = BUILT_PRODUCTS_DIR; };
		ED39C8882CBD45EF003445F7 /* ChararactersAppUITests.xctest */ = {isa = PBXFileReference; explicitFileType = wrapper.cfbundle; includeInIndex = 0; path = ChararactersAppUITests.xctest; sourceTree = BUILT_PRODUCTS_DIR; };
		ED39C8DA2CBD8AE4003445F7 /* AppDelegate.swift */ = {isa = PBXFileReference; lastKnownFileType = sourcecode.swift; path = AppDelegate.swift; sourceTree = "<group>"; };
		ED39C8DB2CBD8AE4003445F7 /* Assets.xcassets */ = {isa = PBXFileReference; lastKnownFileType = folder.assetcatalog; path = Assets.xcassets; sourceTree = "<group>"; };
		ED39C8DD2CBD8AE4003445F7 /* Info.plist */ = {isa = PBXFileReference; lastKnownFileType = text.plist.xml; path = Info.plist; sourceTree = "<group>"; };
		ED39C8DE2CBD8AE4003445F7 /* Base */ = {isa = PBXFileReference; lastKnownFileType = file.storyboard; name = Base; path = Base.lproj/LaunchScreen.storyboard; sourceTree = "<group>"; };
		ED39C8E02CBD8AE4003445F7 /* en */ = {isa = PBXFileReference; lastKnownFileType = text.plist.strings; name = en; path = en.lproj/Localizable.strings; sourceTree = "<group>"; };
		ED39C8EF2CBD8AE9003445F7 /* ChararactersAppTests.swift */ = {isa = PBXFileReference; lastKnownFileType = sourcecode.swift; path = ChararactersAppTests.swift; sourceTree = "<group>"; };
		ED39C8F22CBD8AED003445F7 /* ChararactersAppUITests.swift */ = {isa = PBXFileReference; lastKnownFileType = sourcecode.swift; path = ChararactersAppUITests.swift; sourceTree = "<group>"; };
		ED39C8F32CBD8AED003445F7 /* ChararactersAppUITestsLaunchTests.swift */ = {isa = PBXFileReference; lastKnownFileType = sourcecode.swift; path = ChararactersAppUITestsLaunchTests.swift; sourceTree = "<group>"; };
		ED43CDBB2CBD8E3400AA15CF /* UIHelper.swift */ = {isa = PBXFileReference; lastKnownFileType = sourcecode.swift; path = UIHelper.swift; sourceTree = "<group>"; };
		ED43CDFD2CBEBB7B00AA15CF /* STArchLoading.swift */ = {isa = PBXFileReference; lastKnownFileType = sourcecode.swift; path = STArchLoading.swift; sourceTree = "<group>"; };
		ED43CDFE2CBEBB7B00AA15CF /* STBouncyPreloaderLoading.swift */ = {isa = PBXFileReference; lastKnownFileType = sourcecode.swift; path = STBouncyPreloaderLoading.swift; sourceTree = "<group>"; };
		ED43CDFF2CBEBB7B00AA15CF /* STGlassesLoading.swift */ = {isa = PBXFileReference; lastKnownFileType = sourcecode.swift; path = STGlassesLoading.swift; sourceTree = "<group>"; };
		ED43CE002CBEBB7B00AA15CF /* STPacManLoading.swift */ = {isa = PBXFileReference; lastKnownFileType = sourcecode.swift; path = STPacManLoading.swift; sourceTree = "<group>"; };
		ED43CE012CBEBB7B00AA15CF /* STSubmitLoading.swift */ = {isa = PBXFileReference; lastKnownFileType = sourcecode.swift; path = STSubmitLoading.swift; sourceTree = "<group>"; };
		ED43CE022CBEBB7B00AA15CF /* STTriangleLoading.swift */ = {isa = PBXFileReference; lastKnownFileType = sourcecode.swift; path = STTriangleLoading.swift; sourceTree = "<group>"; };
		ED43CE032CBEBB7B00AA15CF /* STWalkLoading.swift */ = {isa = PBXFileReference; lastKnownFileType = sourcecode.swift; path = STWalkLoading.swift; sourceTree = "<group>"; };
		ED43CE042CBEBB7B00AA15CF /* STZhiHuLoading.swift */ = {isa = PBXFileReference; lastKnownFileType = sourcecode.swift; path = STZhiHuLoading.swift; sourceTree = "<group>"; };
		ED43CE062CBEBB7B00AA15CF /* STLoadingable.swift */ = {isa = PBXFileReference; lastKnownFileType = sourcecode.swift; path = STLoadingable.swift; sourceTree = "<group>"; };
		ED43CE072CBEBB7B00AA15CF /* STLoadingGroup.swift */ = {isa = PBXFileReference; lastKnownFileType = sourcecode.swift; path = STLoadingGroup.swift; sourceTree = "<group>"; };
		ED43CE132CBEBC9B00AA15CF /* Utils.swift */ = {isa = PBXFileReference; lastKnownFileType = sourcecode.swift; path = Utils.swift; sourceTree = "<group>"; };
		ED43CE152CBFE96D00AA15CF /* AllCharactersViewController.swift */ = {isa = PBXFileReference; lastKnownFileType = sourcecode.swift; path = AllCharactersViewController.swift; sourceTree = "<group>"; };
		ED43CE162CBFE96D00AA15CF /* AllCharactersViewController.xib */ = {isa = PBXFileReference; lastKnownFileType = file.xib; path = AllCharactersViewController.xib; sourceTree = "<group>"; };
		ED43CE192CBFFECE00AA15CF /* CharacterCollectionViewCell.swift */ = {isa = PBXFileReference; lastKnownFileType = sourcecode.swift; path = CharacterCollectionViewCell.swift; sourceTree = "<group>"; };
		ED43CE1A2CBFFECE00AA15CF /* CharacterCollectionViewCell.xib */ = {isa = PBXFileReference; lastKnownFileType = file.xib; path = CharacterCollectionViewCell.xib; sourceTree = "<group>"; };
/* End PBXFileReference section */

/* Begin PBXFrameworksBuildPhase section */
		ED39C8622CBD45EC003445F7 /* Frameworks */ = {
			isa = PBXFrameworksBuildPhase;
			buildActionMask = 2147483647;
			files = (
				ED32F3C62CC139A700173CE3 /* RickMortySwiftApi in Frameworks */,
				2EC7CED0D2FB7A3C99E02426 /* Pods_ChararactersApp.framework in Frameworks */,
			);
			runOnlyForDeploymentPostprocessing = 0;
		};
		ED39C87B2CBD45EF003445F7 /* Frameworks */ = {
			isa = PBXFrameworksBuildPhase;
			buildActionMask = 2147483647;
			files = (
				ED32F3CA2CC17F0000173CE3 /* RickMortySwiftApi in Frameworks */,
				3946CFBD6A949A15F51406EB /* Pods_ChararactersAppTests.framework in Frameworks */,
			);
			runOnlyForDeploymentPostprocessing = 0;
		};
		ED39C8852CBD45EF003445F7 /* Frameworks */ = {
			isa = PBXFrameworksBuildPhase;
			buildActionMask = 2147483647;
			files = (
				ED32F3CC2CC17FA100173CE3 /* RickMortySwiftApi in Frameworks */,
				88D495A565043AEDCC690C2D /* Pods_ChararactersApp_ChararactersAppUITests.framework in Frameworks */,
			);
			runOnlyForDeploymentPostprocessing = 0;
		};
/* End PBXFrameworksBuildPhase section */

/* Begin PBXGroup section */
		932C6F50614FCD5D564513CA /* Pods */ = {
			isa = PBXGroup;
			children = (
				90C6C9AAE45AEAA2BFE63DDC /* Pods-ChararactersApp.debug.xcconfig */,
				9487642CE2BA2C697A483FBD /* Pods-ChararactersApp.release.xcconfig */,
				948E6CE39248CB00344A3E03 /* Pods-ChararactersApp-ChararactersAppUITests.debug.xcconfig */,
				A7E5B7E0E9F99929D6F3E1C5 /* Pods-ChararactersApp-ChararactersAppUITests.release.xcconfig */,
				49A2BFB4D56952DC683A9713 /* Pods-ChararactersAppTests.debug.xcconfig */,
				1A08AECE1EAEC05ABD7D9739 /* Pods-ChararactersAppTests.release.xcconfig */,
			);
			path = Pods;
			sourceTree = "<group>";
		};
		9DDF598D6F058C9CC7F65DE1 /* Frameworks */ = {
			isa = PBXGroup;
			children = (
				ED2B57B82CC05D4C00B04E85 /* rick-morty-swift-api */,
				0A07A640D21EC51B47213A2D /* Pods_ChararactersApp.framework */,
				B592B01CD6AAEB15CAB468F8 /* Pods_ChararactersApp_ChararactersAppUITests.framework */,
				CE90A24F912BE06F5C4EF836 /* Pods_ChararactersAppTests.framework */,
			);
			name = Frameworks;
			sourceTree = "<group>";
		};
		ED34FC452CC0ED04005A9EF8 /* ViewModel */ = {
			isa = PBXGroup;
			children = (
				ED34FC462CC0ED53005A9EF8 /* CharacterService.swift */,
			);
			path = ViewModel;
			sourceTree = "<group>";
		};
		ED39C85C2CBD45EC003445F7 = {
			isa = PBXGroup;
			children = (
				ED39C8E32CBD8AE4003445F7 /* ChararactersApp */,
				ED39C8F02CBD8AE9003445F7 /* ChararactersAppTests */,
				ED39C8F42CBD8AED003445F7 /* ChararactersAppUITests */,
				ED39C8662CBD45EC003445F7 /* Products */,
				932C6F50614FCD5D564513CA /* Pods */,
				9DDF598D6F058C9CC7F65DE1 /* Frameworks */,
			);
			sourceTree = "<group>";
		};
		ED39C8662CBD45EC003445F7 /* Products */ = {
			isa = PBXGroup;
			children = (
				ED39C8652CBD45EC003445F7 /* ChararactersApp.app */,
				ED39C87E2CBD45EF003445F7 /* ChararactersAppTests.xctest */,
				ED39C8882CBD45EF003445F7 /* ChararactersAppUITests.xctest */,
			);
			name = Products;
			sourceTree = "<group>";
		};
		ED39C8D42CBD8AE4003445F7 /* Views */ = {
			isa = PBXGroup;
			children = (
				ED43CE152CBFE96D00AA15CF /* AllCharactersViewController.swift */,
				ED43CE162CBFE96D00AA15CF /* AllCharactersViewController.xib */,
				ED43CE192CBFFECE00AA15CF /* CharacterCollectionViewCell.swift */,
				ED43CE1A2CBFFECE00AA15CF /* CharacterCollectionViewCell.xib */,
				ED34FC482CC0F257005A9EF8 /* CharacterDetailSwiftUIView.swift */,
			);
			path = Views;
			sourceTree = "<group>";
		};
		ED39C8D62CBD8AE4003445F7 /* Home */ = {
			isa = PBXGroup;
			children = (
				ED34FC452CC0ED04005A9EF8 /* ViewModel */,
				ED39C8D42CBD8AE4003445F7 /* Views */,
			);
			path = Home;
			sourceTree = "<group>";
		};
		ED39C8E32CBD8AE4003445F7 /* ChararactersApp */ = {
			isa = PBXGroup;
			children = (
				ED43CDBD2CBD8E3400AA15CF /* AppUtils */,
				ED39C8D62CBD8AE4003445F7 /* Home */,
				ED39C8DA2CBD8AE4003445F7 /* AppDelegate.swift */,
				ED39C8DB2CBD8AE4003445F7 /* Assets.xcassets */,
				ED39C8DD2CBD8AE4003445F7 /* Info.plist */,
				ED39C8DF2CBD8AE4003445F7 /* LaunchScreen.storyboard */,
				ED39C8E12CBD8AE4003445F7 /* Localizable.strings */,
			);
			path = ChararactersApp;
			sourceTree = "<group>";
		};
		ED39C8F02CBD8AE9003445F7 /* ChararactersAppTests */ = {
			isa = PBXGroup;
			children = (
				ED39C8EF2CBD8AE9003445F7 /* ChararactersAppTests.swift */,
			);
			path = ChararactersAppTests;
			sourceTree = "<group>";
		};
		ED39C8F42CBD8AED003445F7 /* ChararactersAppUITests */ = {
			isa = PBXGroup;
			children = (
				ED39C8F22CBD8AED003445F7 /* ChararactersAppUITests.swift */,
				ED39C8F32CBD8AED003445F7 /* ChararactersAppUITestsLaunchTests.swift */,
			);
			path = ChararactersAppUITests;
			sourceTree = "<group>";
		};
		ED43CDBD2CBD8E3400AA15CF /* AppUtils */ = {
			isa = PBXGroup;
			children = (
				ED43CE082CBEBB7B00AA15CF /* LoadingBar */,
				ED43CE132CBEBC9B00AA15CF /* Utils.swift */,
				ED32F3C72CC1785700173CE3 /* AppExtensions.swift */,
				ED43CDBB2CBD8E3400AA15CF /* UIHelper.swift */,
			);
			path = AppUtils;
			sourceTree = "<group>";
		};
		ED43CE052CBEBB7B00AA15CF /* Loading */ = {
			isa = PBXGroup;
			children = (
				ED43CDFD2CBEBB7B00AA15CF /* STArchLoading.swift */,
				ED43CDFE2CBEBB7B00AA15CF /* STBouncyPreloaderLoading.swift */,
				ED43CDFF2CBEBB7B00AA15CF /* STGlassesLoading.swift */,
				ED43CE002CBEBB7B00AA15CF /* STPacManLoading.swift */,
				ED43CE012CBEBB7B00AA15CF /* STSubmitLoading.swift */,
				ED43CE022CBEBB7B00AA15CF /* STTriangleLoading.swift */,
				ED43CE032CBEBB7B00AA15CF /* STWalkLoading.swift */,
				ED43CE042CBEBB7B00AA15CF /* STZhiHuLoading.swift */,
			);
			path = Loading;
			sourceTree = "<group>";
		};
		ED43CE082CBEBB7B00AA15CF /* LoadingBar */ = {
			isa = PBXGroup;
			children = (
				ED43CE052CBEBB7B00AA15CF /* Loading */,
				ED43CE062CBEBB7B00AA15CF /* STLoadingable.swift */,
				ED43CE072CBEBB7B00AA15CF /* STLoadingGroup.swift */,
			);
			path = LoadingBar;
			sourceTree = "<group>";
		};
/* End PBXGroup section */

/* Begin PBXNativeTarget section */
		ED39C8642CBD45EC003445F7 /* ChararactersApp */ = {
			isa = PBXNativeTarget;
			buildConfigurationList = ED39C8912CBD45EF003445F7 /* Build configuration list for PBXNativeTarget "ChararactersApp" */;
			buildPhases = (
				AAD9480FCBFD08F4926778BA /* [CP] Check Pods Manifest.lock */,
				ED39C8612CBD45EC003445F7 /* Sources */,
				ED39C8622CBD45EC003445F7 /* Frameworks */,
				ED39C8632CBD45EC003445F7 /* Resources */,
				1D1957FC46A2DD3CAD44B3E9 /* [CP] Embed Pods Frameworks */,
			);
			buildRules = (
			);
			dependencies = (
			);
			name = ChararactersApp;
			productName = ChararactersApp;
			productReference = ED39C8652CBD45EC003445F7 /* ChararactersApp.app */;
			productType = "com.apple.product-type.application";
		};
		ED39C87D2CBD45EF003445F7 /* ChararactersAppTests */ = {
			isa = PBXNativeTarget;
			buildConfigurationList = ED39C8962CBD45EF003445F7 /* Build configuration list for PBXNativeTarget "ChararactersAppTests" */;
			buildPhases = (
				A9762F4E8F56A070B6AC74BC /* [CP] Check Pods Manifest.lock */,
				ED39C87A2CBD45EF003445F7 /* Sources */,
				ED39C87B2CBD45EF003445F7 /* Frameworks */,
				ED39C87C2CBD45EF003445F7 /* Resources */,
			);
			buildRules = (
			);
			dependencies = (
				ED39C8802CBD45EF003445F7 /* PBXTargetDependency */,
			);
			name = ChararactersAppTests;
			productName = ChararactersAppTests;
			productReference = ED39C87E2CBD45EF003445F7 /* ChararactersAppTests.xctest */;
			productType = "com.apple.product-type.bundle.unit-test";
		};
		ED39C8872CBD45EF003445F7 /* ChararactersAppUITests */ = {
			isa = PBXNativeTarget;
			buildConfigurationList = ED39C8992CBD45EF003445F7 /* Build configuration list for PBXNativeTarget "ChararactersAppUITests" */;
			buildPhases = (
				F5A8951B64891D4C1575B473 /* [CP] Check Pods Manifest.lock */,
				ED39C8842CBD45EF003445F7 /* Sources */,
				ED39C8852CBD45EF003445F7 /* Frameworks */,
				ED39C8862CBD45EF003445F7 /* Resources */,
				0DB6B5453C4503EF15E353C0 /* [CP] Embed Pods Frameworks */,
			);
			buildRules = (
			);
			dependencies = (
				ED39C88A2CBD45EF003445F7 /* PBXTargetDependency */,
			);
			name = ChararactersAppUITests;
			productName = ChararactersAppUITests;
			productReference = ED39C8882CBD45EF003445F7 /* ChararactersAppUITests.xctest */;
			productType = "com.apple.product-type.bundle.ui-testing";
		};
/* End PBXNativeTarget section */

/* Begin PBXProject section */
		ED39C85D2CBD45EC003445F7 /* Project object */ = {
			isa = PBXProject;
			attributes = {
				BuildIndependentTargetsInParallel = 1;
				LastSwiftUpdateCheck = 1600;
				LastUpgradeCheck = 1600;
				TargetAttributes = {
					ED39C8642CBD45EC003445F7 = {
						CreatedOnToolsVersion = 16.0;
					};
					ED39C87D2CBD45EF003445F7 = {
						CreatedOnToolsVersion = 16.0;
						TestTargetID = ED39C8642CBD45EC003445F7;
					};
					ED39C8872CBD45EF003445F7 = {
						CreatedOnToolsVersion = 16.0;
						TestTargetID = ED39C8642CBD45EC003445F7;
					};
				};
			};
			buildConfigurationList = ED39C8602CBD45EC003445F7 /* Build configuration list for PBXProject "ChararactersApp" */;
			compatibilityVersion = "Xcode 15.3";
			developmentRegion = en;
			hasScannedForEncodings = 0;
			knownRegions = (
				en,
				Base,
			);
			mainGroup = ED39C85C2CBD45EC003445F7;
			minimizedProjectReferenceProxies = 1;
			packageReferences = (
				ED32F3CD2CC1891200173CE3 /* XCRemoteSwiftPackageReference "rick-morty-swift-api" */,
			);
			productRefGroup = ED39C8662CBD45EC003445F7 /* Products */;
			projectDirPath = "";
			projectRoot = "";
			targets = (
				ED39C8642CBD45EC003445F7 /* ChararactersApp */,
				ED39C87D2CBD45EF003445F7 /* ChararactersAppTests */,
				ED39C8872CBD45EF003445F7 /* ChararactersAppUITests */,
			);
		};
/* End PBXProject section */

/* Begin PBXResourcesBuildPhase section */
		ED39C8632CBD45EC003445F7 /* Resources */ = {
			isa = PBXResourcesBuildPhase;
			buildActionMask = 2147483647;
			files = (
				ED39C8E52CBD8AE4003445F7 /* Assets.xcassets in Resources */,
				ED39C8E72CBD8AE4003445F7 /* LaunchScreen.storyboard in Resources */,
				ED43CE172CBFE96D00AA15CF /* AllCharactersViewController.xib in Resources */,
				ED43CE1B2CBFFECE00AA15CF /* CharacterCollectionViewCell.xib in Resources */,
				ED39C8E82CBD8AE4003445F7 /* Localizable.strings in Resources */,
			);
			runOnlyForDeploymentPostprocessing = 0;
		};
		ED39C87C2CBD45EF003445F7 /* Resources */ = {
			isa = PBXResourcesBuildPhase;
			buildActionMask = 2147483647;
			files = (
			);
			runOnlyForDeploymentPostprocessing = 0;
		};
		ED39C8862CBD45EF003445F7 /* Resources */ = {
			isa = PBXResourcesBuildPhase;
			buildActionMask = 2147483647;
			files = (
			);
			runOnlyForDeploymentPostprocessing = 0;
		};
/* End PBXResourcesBuildPhase section */

/* Begin PBXShellScriptBuildPhase section */
		0DB6B5453C4503EF15E353C0 /* [CP] Embed Pods Frameworks */ = {
			isa = PBXShellScriptBuildPhase;
			buildActionMask = 2147483647;
			files = (
			);
			inputFileListPaths = (
				"${PODS_ROOT}/Target Support Files/Pods-ChararactersApp-ChararactersAppUITests/Pods-ChararactersApp-ChararactersAppUITests-frameworks-${CONFIGURATION}-input-files.xcfilelist",
			);
			name = "[CP] Embed Pods Frameworks";
			outputFileListPaths = (
				"${PODS_ROOT}/Target Support Files/Pods-ChararactersApp-ChararactersAppUITests/Pods-ChararactersApp-ChararactersAppUITests-frameworks-${CONFIGURATION}-output-files.xcfilelist",
			);
			runOnlyForDeploymentPostprocessing = 0;
			shellPath = /bin/sh;
			shellScript = "\"${PODS_ROOT}/Target Support Files/Pods-ChararactersApp-ChararactersAppUITests/Pods-ChararactersApp-ChararactersAppUITests-frameworks.sh\"\n";
			showEnvVarsInLog = 0;
		};
		1D1957FC46A2DD3CAD44B3E9 /* [CP] Embed Pods Frameworks */ = {
			isa = PBXShellScriptBuildPhase;
			buildActionMask = 2147483647;
			files = (
			);
			inputFileListPaths = (
				"${PODS_ROOT}/Target Support Files/Pods-ChararactersApp/Pods-ChararactersApp-frameworks-${CONFIGURATION}-input-files.xcfilelist",
			);
			name = "[CP] Embed Pods Frameworks";
			outputFileListPaths = (
				"${PODS_ROOT}/Target Support Files/Pods-ChararactersApp/Pods-ChararactersApp-frameworks-${CONFIGURATION}-output-files.xcfilelist",
			);
			runOnlyForDeploymentPostprocessing = 0;
			shellPath = /bin/sh;
			shellScript = "\"${PODS_ROOT}/Target Support Files/Pods-ChararactersApp/Pods-ChararactersApp-frameworks.sh\"\n";
			showEnvVarsInLog = 0;
		};
		A9762F4E8F56A070B6AC74BC /* [CP] Check Pods Manifest.lock */ = {
			isa = PBXShellScriptBuildPhase;
			buildActionMask = 2147483647;
			files = (
			);
			inputFileListPaths = (
			);
			inputPaths = (
				"${PODS_PODFILE_DIR_PATH}/Podfile.lock",
				"${PODS_ROOT}/Manifest.lock",
			);
			name = "[CP] Check Pods Manifest.lock";
			outputFileListPaths = (
			);
			outputPaths = (
				"$(DERIVED_FILE_DIR)/Pods-ChararactersAppTests-checkManifestLockResult.txt",
			);
			runOnlyForDeploymentPostprocessing = 0;
			shellPath = /bin/sh;
			shellScript = "diff \"${PODS_PODFILE_DIR_PATH}/Podfile.lock\" \"${PODS_ROOT}/Manifest.lock\" > /dev/null\nif [ $? != 0 ] ; then\n    # print error to STDERR\n    echo \"error: The sandbox is not in sync with the Podfile.lock. Run 'pod install' or update your CocoaPods installation.\" >&2\n    exit 1\nfi\n# This output is used by Xcode 'outputs' to avoid re-running this script phase.\necho \"SUCCESS\" > \"${SCRIPT_OUTPUT_FILE_0}\"\n";
			showEnvVarsInLog = 0;
		};
		AAD9480FCBFD08F4926778BA /* [CP] Check Pods Manifest.lock */ = {
			isa = PBXShellScriptBuildPhase;
			buildActionMask = 2147483647;
			files = (
			);
			inputFileListPaths = (
			);
			inputPaths = (
				"${PODS_PODFILE_DIR_PATH}/Podfile.lock",
				"${PODS_ROOT}/Manifest.lock",
			);
			name = "[CP] Check Pods Manifest.lock";
			outputFileListPaths = (
			);
			outputPaths = (
				"$(DERIVED_FILE_DIR)/Pods-ChararactersApp-checkManifestLockResult.txt",
			);
			runOnlyForDeploymentPostprocessing = 0;
			shellPath = /bin/sh;
			shellScript = "diff \"${PODS_PODFILE_DIR_PATH}/Podfile.lock\" \"${PODS_ROOT}/Manifest.lock\" > /dev/null\nif [ $? != 0 ] ; then\n    # print error to STDERR\n    echo \"error: The sandbox is not in sync with the Podfile.lock. Run 'pod install' or update your CocoaPods installation.\" >&2\n    exit 1\nfi\n# This output is used by Xcode 'outputs' to avoid re-running this script phase.\necho \"SUCCESS\" > \"${SCRIPT_OUTPUT_FILE_0}\"\n";
			showEnvVarsInLog = 0;
		};
		F5A8951B64891D4C1575B473 /* [CP] Check Pods Manifest.lock */ = {
			isa = PBXShellScriptBuildPhase;
			buildActionMask = 2147483647;
			files = (
			);
			inputFileListPaths = (
			);
			inputPaths = (
				"${PODS_PODFILE_DIR_PATH}/Podfile.lock",
				"${PODS_ROOT}/Manifest.lock",
			);
			name = "[CP] Check Pods Manifest.lock";
			outputFileListPaths = (
			);
			outputPaths = (
				"$(DERIVED_FILE_DIR)/Pods-ChararactersApp-ChararactersAppUITests-checkManifestLockResult.txt",
			);
			runOnlyForDeploymentPostprocessing = 0;
			shellPath = /bin/sh;
			shellScript = "diff \"${PODS_PODFILE_DIR_PATH}/Podfile.lock\" \"${PODS_ROOT}/Manifest.lock\" > /dev/null\nif [ $? != 0 ] ; then\n    # print error to STDERR\n    echo \"error: The sandbox is not in sync with the Podfile.lock. Run 'pod install' or update your CocoaPods installation.\" >&2\n    exit 1\nfi\n# This output is used by Xcode 'outputs' to avoid re-running this script phase.\necho \"SUCCESS\" > \"${SCRIPT_OUTPUT_FILE_0}\"\n";
			showEnvVarsInLog = 0;
		};
/* End PBXShellScriptBuildPhase section */

/* Begin PBXSourcesBuildPhase section */
		ED39C8612CBD45EC003445F7 /* Sources */ = {
			isa = PBXSourcesBuildPhase;
			buildActionMask = 2147483647;
			files = (
				ED43CE1C2CBFFECE00AA15CF /* CharacterCollectionViewCell.swift in Sources */,
				ED43CE182CBFE96D00AA15CF /* AllCharactersViewController.swift in Sources */,
				ED43CE092CBEBB7B00AA15CF /* STZhiHuLoading.swift in Sources */,
				ED43CE0A2CBEBB7B00AA15CF /* STGlassesLoading.swift in Sources */,
				ED43CE0B2CBEBB7B00AA15CF /* STLoadingGroup.swift in Sources */,
				ED43CE0C2CBEBB7B00AA15CF /* STBouncyPreloaderLoading.swift in Sources */,
				ED43CE0D2CBEBB7B00AA15CF /* STTriangleLoading.swift in Sources */,
				ED43CE0E2CBEBB7B00AA15CF /* STSubmitLoading.swift in Sources */,
				ED43CE0F2CBEBB7B00AA15CF /* STLoadingable.swift in Sources */,
				ED32F3C82CC1785700173CE3 /* AppExtensions.swift in Sources */,
				ED43CE102CBEBB7B00AA15CF /* STArchLoading.swift in Sources */,
				ED43CE112CBEBB7B00AA15CF /* STWalkLoading.swift in Sources */,
				ED43CE122CBEBB7B00AA15CF /* STPacManLoading.swift in Sources */,
				ED39C8EC2CBD8AE4003445F7 /* AppDelegate.swift in Sources */,
				ED43CDC52CBD8E3400AA15CF /* UIHelper.swift in Sources */,
				ED34FC492CC0F257005A9EF8 /* CharacterDetailSwiftUIView.swift in Sources */,
				ED43CE142CBEBC9F00AA15CF /* Utils.swift in Sources */,
				ED34FC472CC0ED5D005A9EF8 /* CharacterService.swift in Sources */,
			);
			runOnlyForDeploymentPostprocessing = 0;
		};
		ED39C87A2CBD45EF003445F7 /* Sources */ = {
			isa = PBXSourcesBuildPhase;
			buildActionMask = 2147483647;
			files = (
				ED39C8F12CBD8AE9003445F7 /* ChararactersAppTests.swift in Sources */,
			);
			runOnlyForDeploymentPostprocessing = 0;
		};
		ED39C8842CBD45EF003445F7 /* Sources */ = {
			isa = PBXSourcesBuildPhase;
			buildActionMask = 2147483647;
			files = (
				ED39C8F52CBD8AED003445F7 /* ChararactersAppUITests.swift in Sources */,
				ED39C8F62CBD8AED003445F7 /* ChararactersAppUITestsLaunchTests.swift in Sources */,
			);
			runOnlyForDeploymentPostprocessing = 0;
		};
/* End PBXSourcesBuildPhase section */

/* Begin PBXTargetDependency section */
		ED39C8802CBD45EF003445F7 /* PBXTargetDependency */ = {
			isa = PBXTargetDependency;
			target = ED39C8642CBD45EC003445F7 /* ChararactersApp */;
			targetProxy = ED39C87F2CBD45EF003445F7 /* PBXContainerItemProxy */;
		};
		ED39C88A2CBD45EF003445F7 /* PBXTargetDependency */ = {
			isa = PBXTargetDependency;
			target = ED39C8642CBD45EC003445F7 /* ChararactersApp */;
			targetProxy = ED39C8892CBD45EF003445F7 /* PBXContainerItemProxy */;
		};
/* End PBXTargetDependency section */

/* Begin PBXVariantGroup section */
		ED39C8DF2CBD8AE4003445F7 /* LaunchScreen.storyboard */ = {
			isa = PBXVariantGroup;
			children = (
				ED39C8DE2CBD8AE4003445F7 /* Base */,
			);
			name = LaunchScreen.storyboard;
			sourceTree = "<group>";
		};
		ED39C8E12CBD8AE4003445F7 /* Localizable.strings */ = {
			isa = PBXVariantGroup;
			children = (
				ED39C8E02CBD8AE4003445F7 /* en */,
			);
			name = Localizable.strings;
			sourceTree = "<group>";
		};
/* End PBXVariantGroup section */

/* Begin XCBuildConfiguration section */
		ED39C8922CBD45EF003445F7 /* Debug */ = {
			isa = XCBuildConfiguration;
			baseConfigurationReference = 90C6C9AAE45AEAA2BFE63DDC /* Pods-ChararactersApp.debug.xcconfig */;
			buildSettings = {
				ASSETCATALOG_COMPILER_APPICON_NAME = AppIcon;
				ASSETCATALOG_COMPILER_GLOBAL_ACCENT_COLOR_NAME = AccentColor;
				CODE_SIGN_IDENTITY = "Apple Development";
				CODE_SIGN_STYLE = Automatic;
				CURRENT_PROJECT_VERSION = 1;
				DEVELOPMENT_TEAM = GNSYL8CX95;
				ENABLE_USER_SCRIPT_SANDBOXING = NO;
				GENERATE_INFOPLIST_FILE = YES;
				INFOPLIST_FILE = ChararactersApp/Info.plist;
				INFOPLIST_KEY_CFBundleDisplayName = "Rick & Morty";
				INFOPLIST_KEY_LSApplicationCategoryType = "public.app-category.entertainment";
				INFOPLIST_KEY_UIApplicationSupportsIndirectInputEvents = YES;
				INFOPLIST_KEY_UILaunchStoryboardName = LaunchScreen;
				INFOPLIST_KEY_UISupportedInterfaceOrientations_iPad = "UIInterfaceOrientationPortrait UIInterfaceOrientationPortraitUpsideDown UIInterfaceOrientationLandscapeLeft UIInterfaceOrientationLandscapeRight";
				INFOPLIST_KEY_UISupportedInterfaceOrientations_iPhone = "UIInterfaceOrientationPortrait UIInterfaceOrientationLandscapeLeft UIInterfaceOrientationLandscapeRight";
				LD_RUNPATH_SEARCH_PATHS = (
					"$(inherited)",
					"@executable_path/Frameworks",
				);
				MARKETING_VERSION = 1.0;
				PRODUCT_BUNDLE_IDENTIFIER = com.iOSTest.ChararactersApp;
				PRODUCT_NAME = "$(TARGET_NAME)";
				PROVISIONING_PROFILE_SPECIFIER = "";
				SWIFT_EMIT_LOC_STRINGS = YES;
				SWIFT_VERSION = 5.0;
				TARGETED_DEVICE_FAMILY = "1,2";
			};
			name = Debug;
		};
		ED39C8932CBD45EF003445F7 /* Release */ = {
			isa = XCBuildConfiguration;
			baseConfigurationReference = 9487642CE2BA2C697A483FBD /* Pods-ChararactersApp.release.xcconfig */;
			buildSettings = {
				ASSETCATALOG_COMPILER_APPICON_NAME = AppIcon;
				ASSETCATALOG_COMPILER_GLOBAL_ACCENT_COLOR_NAME = AccentColor;
				CODE_SIGN_IDENTITY = "Apple Development";
				CODE_SIGN_STYLE = Automatic;
				CURRENT_PROJECT_VERSION = 1;
				DEVELOPMENT_TEAM = GNSYL8CX95;
				ENABLE_USER_SCRIPT_SANDBOXING = NO;
				GENERATE_INFOPLIST_FILE = YES;
				INFOPLIST_FILE = ChararactersApp/Info.plist;
				INFOPLIST_KEY_CFBundleDisplayName = "Rick & Morty";
				INFOPLIST_KEY_LSApplicationCategoryType = "public.app-category.entertainment";
				INFOPLIST_KEY_UIApplicationSupportsIndirectInputEvents = YES;
				INFOPLIST_KEY_UILaunchStoryboardName = LaunchScreen;
				INFOPLIST_KEY_UISupportedInterfaceOrientations_iPad = "UIInterfaceOrientationPortrait UIInterfaceOrientationPortraitUpsideDown UIInterfaceOrientationLandscapeLeft UIInterfaceOrientationLandscapeRight";
				INFOPLIST_KEY_UISupportedInterfaceOrientations_iPhone = "UIInterfaceOrientationPortrait UIInterfaceOrientationLandscapeLeft UIInterfaceOrientationLandscapeRight";
				LD_RUNPATH_SEARCH_PATHS = (
					"$(inherited)",
					"@executable_path/Frameworks",
				);
				MARKETING_VERSION = 1.0;
				PRODUCT_BUNDLE_IDENTIFIER = com.iOSTest.ChararactersApp;
				PRODUCT_NAME = "$(TARGET_NAME)";
				PROVISIONING_PROFILE_SPECIFIER = "";
				SWIFT_EMIT_LOC_STRINGS = YES;
				SWIFT_VERSION = 5.0;
				TARGETED_DEVICE_FAMILY = "1,2";
			};
			name = Release;
		};
		ED39C8942CBD45EF003445F7 /* Debug */ = {
			isa = XCBuildConfiguration;
			buildSettings = {
				ALWAYS_SEARCH_USER_PATHS = NO;
				ASSETCATALOG_COMPILER_GENERATE_SWIFT_ASSET_SYMBOL_EXTENSIONS = YES;
				CLANG_ANALYZER_NONNULL = YES;
				CLANG_ANALYZER_NUMBER_OBJECT_CONVERSION = YES_AGGRESSIVE;
				CLANG_CXX_LANGUAGE_STANDARD = "gnu++20";
				CLANG_ENABLE_MODULES = YES;
				CLANG_ENABLE_OBJC_ARC = YES;
				CLANG_ENABLE_OBJC_WEAK = YES;
				CLANG_WARN_BLOCK_CAPTURE_AUTORELEASING = YES;
				CLANG_WARN_BOOL_CONVERSION = YES;
				CLANG_WARN_COMMA = YES;
				CLANG_WARN_CONSTANT_CONVERSION = YES;
				CLANG_WARN_DEPRECATED_OBJC_IMPLEMENTATIONS = YES;
				CLANG_WARN_DIRECT_OBJC_ISA_USAGE = YES_ERROR;
				CLANG_WARN_DOCUMENTATION_COMMENTS = YES;
				CLANG_WARN_EMPTY_BODY = YES;
				CLANG_WARN_ENUM_CONVERSION = YES;
				CLANG_WARN_INFINITE_RECURSION = YES;
				CLANG_WARN_INT_CONVERSION = YES;
				CLANG_WARN_NON_LITERAL_NULL_CONVERSION = YES;
				CLANG_WARN_OBJC_IMPLICIT_RETAIN_SELF = YES;
				CLANG_WARN_OBJC_LITERAL_CONVERSION = YES;
				CLANG_WARN_OBJC_ROOT_CLASS = YES_ERROR;
				CLANG_WARN_QUOTED_INCLUDE_IN_FRAMEWORK_HEADER = YES;
				CLANG_WARN_RANGE_LOOP_ANALYSIS = YES;
				CLANG_WARN_STRICT_PROTOTYPES = YES;
				CLANG_WARN_SUSPICIOUS_MOVE = YES;
				CLANG_WARN_UNGUARDED_AVAILABILITY = YES_AGGRESSIVE;
				CLANG_WARN_UNREACHABLE_CODE = YES;
				CLANG_WARN__DUPLICATE_METHOD_MATCH = YES;
				COPY_PHASE_STRIP = NO;
				DEBUG_INFORMATION_FORMAT = dwarf;
				ENABLE_STRICT_OBJC_MSGSEND = YES;
				ENABLE_TESTABILITY = YES;
				ENABLE_USER_SCRIPT_SANDBOXING = YES;
				GCC_C_LANGUAGE_STANDARD = gnu17;
				GCC_DYNAMIC_NO_PIC = NO;
				GCC_NO_COMMON_BLOCKS = YES;
				GCC_OPTIMIZATION_LEVEL = 0;
				GCC_PREPROCESSOR_DEFINITIONS = (
					"DEBUG=1",
					"$(inherited)",
				);
				GCC_WARN_64_TO_32_BIT_CONVERSION = YES;
				GCC_WARN_ABOUT_RETURN_TYPE = YES_ERROR;
				GCC_WARN_UNDECLARED_SELECTOR = YES;
				GCC_WARN_UNINITIALIZED_AUTOS = YES_AGGRESSIVE;
				GCC_WARN_UNUSED_FUNCTION = YES;
				GCC_WARN_UNUSED_VARIABLE = YES;
				IPHONEOS_DEPLOYMENT_TARGET = 16.6;
				LOCALIZATION_PREFERS_STRING_CATALOGS = YES;
				MTL_ENABLE_DEBUG_INFO = INCLUDE_SOURCE;
				MTL_FAST_MATH = YES;
				ONLY_ACTIVE_ARCH = YES;
				SDKROOT = iphoneos;
				SWIFT_ACTIVE_COMPILATION_CONDITIONS = "DEBUG $(inherited)";
				SWIFT_OPTIMIZATION_LEVEL = "-Onone";
			};
			name = Debug;
		};
		ED39C8952CBD45EF003445F7 /* Release */ = {
			isa = XCBuildConfiguration;
			buildSettings = {
				ALWAYS_SEARCH_USER_PATHS = NO;
				ASSETCATALOG_COMPILER_GENERATE_SWIFT_ASSET_SYMBOL_EXTENSIONS = YES;
				CLANG_ANALYZER_NONNULL = YES;
				CLANG_ANALYZER_NUMBER_OBJECT_CONVERSION = YES_AGGRESSIVE;
				CLANG_CXX_LANGUAGE_STANDARD = "gnu++20";
				CLANG_ENABLE_MODULES = YES;
				CLANG_ENABLE_OBJC_ARC = YES;
				CLANG_ENABLE_OBJC_WEAK = YES;
				CLANG_WARN_BLOCK_CAPTURE_AUTORELEASING = YES;
				CLANG_WARN_BOOL_CONVERSION = YES;
				CLANG_WARN_COMMA = YES;
				CLANG_WARN_CONSTANT_CONVERSION = YES;
				CLANG_WARN_DEPRECATED_OBJC_IMPLEMENTATIONS = YES;
				CLANG_WARN_DIRECT_OBJC_ISA_USAGE = YES_ERROR;
				CLANG_WARN_DOCUMENTATION_COMMENTS = YES;
				CLANG_WARN_EMPTY_BODY = YES;
				CLANG_WARN_ENUM_CONVERSION = YES;
				CLANG_WARN_INFINITE_RECURSION = YES;
				CLANG_WARN_INT_CONVERSION = YES;
				CLANG_WARN_NON_LITERAL_NULL_CONVERSION = YES;
				CLANG_WARN_OBJC_IMPLICIT_RETAIN_SELF = YES;
				CLANG_WARN_OBJC_LITERAL_CONVERSION = YES;
				CLANG_WARN_OBJC_ROOT_CLASS = YES_ERROR;
				CLANG_WARN_QUOTED_INCLUDE_IN_FRAMEWORK_HEADER = YES;
				CLANG_WARN_RANGE_LOOP_ANALYSIS = YES;
				CLANG_WARN_STRICT_PROTOTYPES = YES;
				CLANG_WARN_SUSPICIOUS_MOVE = YES;
				CLANG_WARN_UNGUARDED_AVAILABILITY = YES_AGGRESSIVE;
				CLANG_WARN_UNREACHABLE_CODE = YES;
				CLANG_WARN__DUPLICATE_METHOD_MATCH = YES;
				COPY_PHASE_STRIP = NO;
				DEBUG_INFORMATION_FORMAT = "dwarf-with-dsym";
				ENABLE_NS_ASSERTIONS = NO;
				ENABLE_STRICT_OBJC_MSGSEND = YES;
				ENABLE_USER_SCRIPT_SANDBOXING = YES;
				GCC_C_LANGUAGE_STANDARD = gnu17;
				GCC_NO_COMMON_BLOCKS = YES;
				GCC_WARN_64_TO_32_BIT_CONVERSION = YES;
				GCC_WARN_ABOUT_RETURN_TYPE = YES_ERROR;
				GCC_WARN_UNDECLARED_SELECTOR = YES;
				GCC_WARN_UNINITIALIZED_AUTOS = YES_AGGRESSIVE;
				GCC_WARN_UNUSED_FUNCTION = YES;
				GCC_WARN_UNUSED_VARIABLE = YES;
				IPHONEOS_DEPLOYMENT_TARGET = 16.6;
				LOCALIZATION_PREFERS_STRING_CATALOGS = YES;
				MTL_ENABLE_DEBUG_INFO = NO;
				MTL_FAST_MATH = YES;
				SDKROOT = iphoneos;
				SWIFT_COMPILATION_MODE = wholemodule;
				VALIDATE_PRODUCT = YES;
			};
			name = Release;
		};
		ED39C8972CBD45EF003445F7 /* Debug */ = {
			isa = XCBuildConfiguration;
			baseConfigurationReference = 49A2BFB4D56952DC683A9713 /* Pods-ChararactersAppTests.debug.xcconfig */;
			buildSettings = {
				BUNDLE_LOADER = "$(TEST_HOST)";
				CODE_SIGN_STYLE = Automatic;
				CURRENT_PROJECT_VERSION = 1;
				DEVELOPMENT_TEAM = GNSYL8CX95;
				ENABLE_APP_SANDBOX = YES;
				ENABLE_USER_SCRIPT_SANDBOXING = YES;
				GENERATE_INFOPLIST_FILE = YES;
				IPHONEOS_DEPLOYMENT_TARGET = 18.0;
				MARKETING_VERSION = 1.0;
				PRODUCT_BUNDLE_IDENTIFIER = com.iOSTest.ChararactersAppTests;
				PRODUCT_NAME = "$(TARGET_NAME)";
				SWIFT_EMIT_LOC_STRINGS = NO;
				SWIFT_VERSION = 5.0;
				TARGETED_DEVICE_FAMILY = "1,2";
				TEST_HOST = "$(BUILT_PRODUCTS_DIR)/ChararactersApp.app/$(BUNDLE_EXECUTABLE_FOLDER_PATH)/ChararactersApp";
			};
			name = Debug;
		};
		ED39C8982CBD45EF003445F7 /* Release */ = {
			isa = XCBuildConfiguration;
			baseConfigurationReference = 1A08AECE1EAEC05ABD7D9739 /* Pods-ChararactersAppTests.release.xcconfig */;
			buildSettings = {
				BUNDLE_LOADER = "$(TEST_HOST)";
				CODE_SIGN_STYLE = Automatic;
				CURRENT_PROJECT_VERSION = 1;
				DEVELOPMENT_TEAM = GNSYL8CX95;
				ENABLE_APP_SANDBOX = YES;
				ENABLE_USER_SCRIPT_SANDBOXING = YES;
				GENERATE_INFOPLIST_FILE = YES;
				IPHONEOS_DEPLOYMENT_TARGET = 18.0;
				MARKETING_VERSION = 1.0;
				PRODUCT_BUNDLE_IDENTIFIER = com.iOSTest.ChararactersAppTests;
				PRODUCT_NAME = "$(TARGET_NAME)";
				SWIFT_EMIT_LOC_STRINGS = NO;
				SWIFT_VERSION = 5.0;
				TARGETED_DEVICE_FAMILY = "1,2";
				TEST_HOST = "$(BUILT_PRODUCTS_DIR)/ChararactersApp.app/$(BUNDLE_EXECUTABLE_FOLDER_PATH)/ChararactersApp";
			};
			name = Release;
		};
		ED39C89A2CBD45EF003445F7 /* Debug */ = {
			isa = XCBuildConfiguration;
			baseConfigurationReference = 948E6CE39248CB00344A3E03 /* Pods-ChararactersApp-ChararactersAppUITests.debug.xcconfig */;
			buildSettings = {
				CODE_SIGN_STYLE = Automatic;
				CURRENT_PROJECT_VERSION = 1;
				DEVELOPMENT_TEAM = GNSYL8CX95;
				ENABLE_APP_SANDBOX = YES;
				ENABLE_USER_SCRIPT_SANDBOXING = YES;
				GENERATE_INFOPLIST_FILE = YES;
				MARKETING_VERSION = 1.0;
				PRODUCT_BUNDLE_IDENTIFIER = com.iOSTest.ChararactersAppUITests;
				PRODUCT_NAME = "$(TARGET_NAME)";
				SWIFT_EMIT_LOC_STRINGS = NO;
				SWIFT_VERSION = 5.0;
				TARGETED_DEVICE_FAMILY = "1,2";
				TEST_TARGET_NAME = ChararactersApp;
			};
			name = Debug;
		};
		ED39C89B2CBD45EF003445F7 /* Release */ = {
			isa = XCBuildConfiguration;
			baseConfigurationReference = A7E5B7E0E9F99929D6F3E1C5 /* Pods-ChararactersApp-ChararactersAppUITests.release.xcconfig */;
			buildSettings = {
				CODE_SIGN_STYLE = Automatic;
				CURRENT_PROJECT_VERSION = 1;
				DEVELOPMENT_TEAM = GNSYL8CX95;
				ENABLE_APP_SANDBOX = YES;
				ENABLE_USER_SCRIPT_SANDBOXING = YES;
				GENERATE_INFOPLIST_FILE = YES;
				MARKETING_VERSION = 1.0;
				PRODUCT_BUNDLE_IDENTIFIER = com.iOSTest.ChararactersAppUITests;
				PRODUCT_NAME = "$(TARGET_NAME)";
				SWIFT_EMIT_LOC_STRINGS = NO;
				SWIFT_VERSION = 5.0;
				TARGETED_DEVICE_FAMILY = "1,2";
				TEST_TARGET_NAME = ChararactersApp;
			};
			name = Release;
		};
/* End XCBuildConfiguration section */

/* Begin XCConfigurationList section */
		ED39C8602CBD45EC003445F7 /* Build configuration list for PBXProject "ChararactersApp" */ = {
			isa = XCConfigurationList;
			buildConfigurations = (
				ED39C8942CBD45EF003445F7 /* Debug */,
				ED39C8952CBD45EF003445F7 /* Release */,
			);
			defaultConfigurationIsVisible = 0;
			defaultConfigurationName = Release;
		};
		ED39C8912CBD45EF003445F7 /* Build configuration list for PBXNativeTarget "ChararactersApp" */ = {
			isa = XCConfigurationList;
			buildConfigurations = (
				ED39C8922CBD45EF003445F7 /* Debug */,
				ED39C8932CBD45EF003445F7 /* Release */,
			);
			defaultConfigurationIsVisible = 0;
			defaultConfigurationName = Release;
		};
		ED39C8962CBD45EF003445F7 /* Build configuration list for PBXNativeTarget "ChararactersAppTests" */ = {
			isa = XCConfigurationList;
			buildConfigurations = (
				ED39C8972CBD45EF003445F7 /* Debug */,
				ED39C8982CBD45EF003445F7 /* Release */,
			);
			defaultConfigurationIsVisible = 0;
			defaultConfigurationName = Release;
		};
		ED39C8992CBD45EF003445F7 /* Build configuration list for PBXNativeTarget "ChararactersAppUITests" */ = {
			isa = XCConfigurationList;
			buildConfigurations = (
				ED39C89A2CBD45EF003445F7 /* Debug */,
				ED39C89B2CBD45EF003445F7 /* Release */,
			);
			defaultConfigurationIsVisible = 0;
			defaultConfigurationName = Release;
		};
/* End XCConfigurationList section */

/* Begin XCRemoteSwiftPackageReference section */
		ED32F3C42CC1399900173CE3 /* XCRemoteSwiftPackageReference "rick-morty-swift-api" */ = {
			isa = XCRemoteSwiftPackageReference;
			repositoryURL = "https://github.com/benjaminbruch/rick-morty-swift-api";
			requirement = {
				branch = main;
				kind = branch;
			};
		};
		ED32F3CD2CC1891200173CE3 /* XCRemoteSwiftPackageReference "rick-morty-swift-api" */ = {
			isa = XCRemoteSwiftPackageReference;
			repositoryURL = "https://github.com/benjaminbruch/rick-morty-swift-api";
			requirement = {
				branch = main;
				kind = branch;
			};
		};
/* End XCRemoteSwiftPackageReference section */

/* Begin XCSwiftPackageProductDependency section */
		ED32F3C52CC139A700173CE3 /* RickMortySwiftApi */ = {
			isa = XCSwiftPackageProductDependency;
			package = ED32F3C42CC1399900173CE3 /* XCRemoteSwiftPackageReference "rick-morty-swift-api" */;
			productName = RickMortySwiftApi;
		};
		ED32F3C92CC17F0000173CE3 /* RickMortySwiftApi */ = {
			isa = XCSwiftPackageProductDependency;
			package = ED32F3C42CC1399900173CE3 /* XCRemoteSwiftPackageReference "rick-morty-swift-api" */;
			productName = RickMortySwiftApi;
		};
		ED32F3CB2CC17FA100173CE3 /* RickMortySwiftApi */ = {
			isa = XCSwiftPackageProductDependency;
			package = ED32F3C42CC1399900173CE3 /* XCRemoteSwiftPackageReference "rick-morty-swift-api" */;
			productName = RickMortySwiftApi;
		};
/* End XCSwiftPackageProductDependency section */
	};
	rootObject = ED39C85D2CBD45EC003445F7 /* Project object */;
}
