{
  "originHash" : "670a906fcc5b55d171f2e492e0bf1f38c3b4dd8ee60e7d79404462811b67c958",
  "pins" : [
    {
      "identity" : "sdwebimage",
      "kind" : "remoteSourceControl",
      "location" : "https://github.com/SDWebImage/SDWebImage.git",
      "state" : {
        "revision" : "8a1be70a625683bc04d6903e2935bf23f3c6d609",
        "version" : "5.19.7"
      }
    },
    {
      "identity" : "sdwebimageswiftui",
      "kind" : "remoteSourceControl",
      "location" : "https://github.com/SDWebImage/SDWebImageSwiftUI",
      "state" : {
        "revision" : "5aa947356f4ea49a0c3b9968564267f6ea5abea7",
        "version" : "3.1.2"
      }
    },
    {
      "identity" : "swift-pagination",
      "kind" : "remoteSourceControl",
      "location" : "https://github.com/grighakobian/swift-pagination",
      "state" : {
        "revision" : "ad9b08b98257c612f213ee8fc6dd177b699bbab5",
        "version" : "1.0.0"
      }
    }
  ],
  "version" : 3
}
